
Microsoft Visual Studio Solution File, Format Version 12.00
# Visual Studio Version 16
VisualStudioVersion = 16.0.29326.143
MinimumVisualStudioVersion = 10.0.40219.1
Project("{FAE04EC0-301F-11D3-BF4B-00C04F79EFBC}") = "WalletApp", "WalletApp\WalletApp.csproj", "{4863D5E8-7972-4BE3-8AE3-18C3A89F7192}"
EndProject
Project("{FAE04EC0-301F-11D3-BF4B-00C04F79EFBC}") = "MinerApp", "MinerApp\MinerApp.csproj", "{2B24ECB4-A1B3-4F42-ACC7-2BE3CE273C5F}"
EndProject
Project("{FAE04EC0-301F-11D3-BF4B-00C04F79EFBC}") = "Business", "Business\Business.csproj", "{4478E7EF-9B42-4037-A798-97E6C1BA9BBD}"
EndProject
Project("{FAE04EC0-301F-11D3-BF4B-00C04F79EFBC}") = "Dispatcher", "Dispatcher\Dispatcher.csproj", "{A67D92E2-01B6-47D7-9173-C3E2C8D57A6B}"
EndProject
Global
	GlobalSection(SolutionConfigurationPlatforms) = preSolution
		Debug|Any CPU = Debug|Any CPU
		Release|Any CPU = Release|Any CPU
	EndGlobalSection
	GlobalSection(ProjectConfigurationPlatforms) = postSolution
		{4863D5E8-7972-4BE3-8AE3-18C3A89F7192}.Debug|Any CPU.ActiveCfg = Debug|Any CPU
		{4863D5E8-7972-4BE3-8AE3-18C3A89F7192}.Debug|Any CPU.Build.0 = Debug|Any CPU
		{4863D5E8-7972-4BE3-8AE3-18C3A89F7192}.Release|Any CPU.ActiveCfg = Release|Any CPU
		{4863D5E8-7972-4BE3-8AE3-18C3A89F7192}.Release|Any CPU.Build.0 = Release|Any CPU
		{2B24ECB4-A1B3-4F42-ACC7-2BE3CE273C5F}.Debug|Any CPU.ActiveCfg = Debug|Any CPU
		{2B24ECB4-A1B3-4F42-ACC7-2BE3CE273C5F}.Debug|Any CPU.Build.0 = Debug|Any CPU
		{2B24ECB4-A1B3-4F42-ACC7-2BE3CE273C5F}.Release|Any CPU.ActiveCfg = Release|Any CPU
		{2B24ECB4-A1B3-4F42-ACC7-2BE3CE273C5F}.Release|Any CPU.Build.0 = Release|Any CPU
		{4478E7EF-9B42-4037-A798-97E6C1BA9BBD}.Debug|Any CPU.ActiveCfg = Debug|Any CPU
		{4478E7EF-9B42-4037-A798-97E6C1BA9BBD}.Debug|Any CPU.Build.0 = Debug|Any CPU
		{4478E7EF-9B42-4037-A798-97E6C1BA9BBD}.Release|Any CPU.ActiveCfg = Release|Any CPU
		{4478E7EF-9B42-4037-A798-97E6C1BA9BBD}.Release|Any CPU.Build.0 = Release|Any CPU
		{A67D92E2-01B6-47D7-9173-C3E2C8D57A6B}.Debug|Any CPU.ActiveCfg = Debug|Any CPU
		{A67D92E2-01B6-47D7-9173-C3E2C8D57A6B}.Debug|Any CPU.Build.0 = Debug|Any CPU
		{A67D92E2-01B6-47D7-9173-C3E2C8D57A6B}.Release|Any CPU.ActiveCfg = Release|Any CPU
		{A67D92E2-01B6-47D7-9173-C3E2C8D57A6B}.Release|Any CPU.Build.0 = Release|Any CPU
	EndGlobalSection
	GlobalSection(SolutionProperties) = preSolution
		HideSolutionNode = FALSE
	EndGlobalSection
	GlobalSection(ExtensibilityGlobals) = postSolution
		SolutionGuid = {E31A3D51-C6B0-46E3-9FF6-EC73305749D3}
	EndGlobalSection
EndGlobal
